
Microsoft Visual Studio Solution File, Format Version 12.00
# Visual Studio 15
VisualStudioVersion = 15.0.28307.572
MinimumVisualStudioVersion = 10.0.40219.1
Project("{FAE04EC0-301F-11D3-BF4B-00C04F79EFBC}") = "VremenskaStanica", "VremenskaStanica\VremenskaStanica.csproj", "{3FF49E4B-9F56-4CF1-9A2C-24E44AE11EFF}"
EndProject
Global
	GlobalSection(SolutionConfigurationPlatforms) = preSolution
		Debug|Any CPU = Debug|Any CPU
		Release|Any CPU = Release|Any CPU
	EndGlobalSection
	GlobalSection(ProjectConfigurationPlatforms) = postSolution
		{3FF49E4B-9F56-4CF1-9A2C-24E44AE11EFF}.Debug|Any CPU.ActiveCfg = Debug|Any CPU
		{3FF49E4B-9F56-4CF1-9A2C-24E44AE11EFF}.Debug|Any CPU.Build.0 = Debug|Any CPU
		{3FF49E4B-9F56-4CF1-9A2C-24E44AE11EFF}.Release|Any CPU.ActiveCfg = Release|Any CPU
		{3FF49E4B-9F56-4CF1-9A2C-24E44AE11EFF}.Release|Any CPU.Build.0 = Release|Any CPU
	EndGlobalSection
	GlobalSection(SolutionProperties) = preSolution
		HideSolutionNode = FALSE
	EndGlobalSection
	GlobalSection(ExtensibilityGlobals) = postSolution
		SolutionGuid = {947429CE-F050-4038-8AE1-C62D5594A0D2}
	EndGlobalSection
EndGlobal
